PODS:
  - Instant (13.3.0)
  - PSPDFKit (13.3.0):
    - PSPDFKit/Core (= 13.3.0)
  - PSPDFKit/Core (13.3.0)

DEPENDENCIES:
  - Instant (from `https://my.pspdfkit.com/instant/latest.podspec`)
  - PSPDFKit (from `https://my.pspdfkit.com/pspdfkit-ios/latest.podspec`)

EXTERNAL SOURCES:
  Instant:
    :podspec: https://my.pspdfkit.com/instant/latest.podspec
  PSPDFKit:
    :podspec: https://my.pspdfkit.com/pspdfkit-ios/latest.podspec

SPEC CHECKSUMS:
  Instant: a8f8a8cd72e16bbc9e3b51ebb93bd709593b0877
  PSPDFKit: 58d8b526c9b48043d13de808733076a88e6334d8

PODFILE CHECKSUM: e8dba55d24bbfcaebfa855d7a012edc4b95693be

COCOAPODS: 1.13.0
